// !$*UTF8*$!
{
	archiveVersion = 1;
	classes = {
	};
	objectVersion = 50;
	objects = {

/* Begin PBXBuildFile section */
		F1BFEA8A24492CB100F25C37 /* AppDelegate.swift in Sources */ = {isa = PBXBuildFile; fileRef = F1BFEA8924492CB100F25C37 /* AppDelegate.swift */; };
		F1BFEA8C24492CB100F25C37 /* SceneDelegate.swift in Sources */ = {isa = PBXBuildFile; fileRef = F1BFEA8B24492CB100F25C37 /* SceneDelegate.swift */; };
		F1BFEA8E24492CB100F25C37 /* ViewController.swift in Sources */ = {isa = PBXBuildFile; fileRef = F1BFEA8D24492CB100F25C37 /* ViewController.swift */; };
		F1BFEA9124492CB100F25C37 /* Main.storyboard in Resources */ = {isa = PBXBuildFile; fileRef = F1BFEA8F24492CB100F25C37 /* Main.storyboard */; };
		F1BFEA9324492CB200F25C37 /* Assets.xcassets in Resources */ = {isa = PBXBuildFile; fileRef = F1BFEA9224492CB200F25C37 /* Assets.xcassets */; };
		F1BFEA9624492CB200F25C37 /* LaunchScreen.storyboard in Resources */ = {isa = PBXBuildFile; fileRef = F1BFEA9424492CB200F25C37 /* LaunchScreen.storyboard */; };
/* End PBXBuildFile section */

/* Begin PBXFileReference section */
		F1BFEA8624492CB100F25C37 /* RichTextView-Editor.app */ = {isa = PBXFileReference; explicitFileType = wrapper.application; includeInIndex = 0; path = "RichTextView-Editor.app"; sourceTree = BUILT_PRODUCTS_DIR; };
		F1BFEA8924492CB100F25C37 /* AppDelegate.swift */ = {isa = PBXFileReference; lastKnownFileType = sourcecode.swift; path = AppDelegate.swift; sourceTree = "<group>"; };
		F1BFEA8B24492CB100F25C37 /* SceneDelegate.swift */ = {isa = PBXFileReference; lastKnownFileType = sourcecode.swift; path = SceneDelegate.swift; sourceTree = "<group>"; };
		F1BFEA8D24492CB100F25C37 /* ViewController.swift */ = {isa = PBXFileReference; lastKnownFileType = sourcecode.swift; path = ViewController.swift; sourceTree = "<group>"; };
		F1BFEA9024492CB100F25C37 /* Base */ = {isa = PBXFileReference; lastKnownFileType = file.storyboard; name = Base; path = Base.lproj/Main.storyboard; sourceTree = "<group>"; };
		F1BFEA9224492CB200F25C37 /* Assets.xcassets */ = {isa = PBXFileReference; lastKnownFileType = folder.assetcatalog; path = Assets.xcassets; sourceTree = "<group>"; };
		F1BFEA9524492CB200F25C37 /* Base */ = {isa = PBXFileReference; lastKnownFileType = file.storyboard; name = Base; path = Base.lproj/LaunchScreen.storyboard; sourceTree = "<group>"; };
		F1BFEA9724492CB200F25C37 /* Info.plist */ = {isa = PBXFileReference; lastKnownFileType = text.plist.xml; path = Info.plist; sourceTree = "<group>"; };
/* End PBXFileReference section */

/* Begin PBXFrameworksBuildPhase section */
		F1BFEA8324492CB100F25C37 /* Frameworks */ = {
			isa = PBXFrameworksBuildPhase;
			buildActionMask = 2147483647;
			files = (
			);
			runOnlyForDeploymentPostprocessing = 0;
		};
/* End PBXFrameworksBuildPhase section */

/* Begin PBXGroup section */
		F1BFEA7D24492CB100F25C37 = {
			isa = PBXGroup;
			children = (
				F1BFEA8824492CB100F25C37 /* RichTextView-Editor */,
				F1BFEA8724492CB100F25C37 /* Products */,
			);
			sourceTree = "<group>";
		};
		F1BFEA8724492CB100F25C37 /* Products */ = {
			isa = PBXGroup;
			children = (
				F1BFEA8624492CB100F25C37 /* RichTextView-Editor.app */,
			);
			name = Products;
			sourceTree = "<group>";
		};
		F1BFEA8824492CB100F25C37 /* RichTextView-Editor */ = {
			isa = PBXGroup;
			children = (
				F1BFEA8924492CB100F25C37 /* AppDelegate.swift */,
				F1BFEA8B24492CB100F25C37 /* SceneDelegate.swift */,
				F1BFEA8D24492CB100F25C37 /* ViewController.swift */,
				F1BFEA8F24492CB100F25C37 /* Main.storyboard */,
				F1BFEA9224492CB200F25C37 /* Assets.xcassets */,
				F1BFEA9424492CB200F25C37 /* LaunchScreen.storyboard */,
				F1BFEA9724492CB200F25C37 /* Info.plist */,
			);
			path = "RichTextView-Editor";
			sourceTree = "<group>";
		};
/* End PBXGroup section */

/* Begin PBXNativeTarget section */
		F1BFEA8524492CB100F25C37 /* RichTextView-Editor */ = {
			isa = PBXNativeTarget;
			buildConfigurationList = F1BFEA9A24492CB200F25C37 /* Build configuration list for PBXNativeTarget "RichTextView-Editor" */;
			buildPhases = (
				F1BFEA8224492CB100F25C37 /* Sources */,
				F1BFEA8324492CB100F25C37 /* Frameworks */,
				F1BFEA8424492CB100F25C37 /* Resources */,
			);
			buildRules = (
			);
			dependencies = (
			);
			name = "RichTextView-Editor";
			productName = "RichTextView-Editor";
			productReference = F1BFEA8624492CB100F25C37 /* RichTextView-Editor.app */;
			productType = "com.apple.product-type.application";
		};
/* End PBXNativeTarget section */

/* Begin PBXProject section */
		F1BFEA7E24492CB100F25C37 /* Project object */ = {
			isa = PBXProject;
			attributes = {
				LastSwiftUpdateCheck = 1140;
				LastUpgradeCheck = 1140;
				ORGANIZATIONNAME = tx;
				TargetAttributes = {
					F1BFEA8524492CB100F25C37 = {
						CreatedOnToolsVersion = 11.4;
					};
				};
			};
			buildConfigurationList = F1BFEA8124492CB100F25C37 /* Build configuration list for PBXProject "RichTextView-Editor" */;
			compatibilityVersion = "Xcode 9.3";
			developmentRegion = en;
			hasScannedForEncodings = 0;
			knownRegions = (
				en,
				Base,
			);
			mainGroup = F1BFEA7D24492CB100F25C37;
			productRefGroup = F1BFEA8724492CB100F25C37 /* Products */;
			projectDirPath = "";
			projectRoot = "";
			targets = (
				F1BFEA8524492CB100F25C37 /* RichTextView-Editor */,
			);
		};
/* End PBXProject section */

/* Begin PBXResourcesBuildPhase section */
		F1BFEA8424492CB100F25C37 /* Resources */ = {
			isa = PBXResourcesBuildPhase;
			buildActionMask = 2147483647;
			files = (
				F1BFEA9624492CB200F25C37 /* LaunchScreen.storyboard in Resources */,
				F1BFEA9324492CB200F25C37 /* Assets.xcassets in Resources */,
				F1BFEA9124492CB100F25C37 /* Main.storyboard in Resources */,
			);
			runOnlyForDeploymentPostprocessing = 0;
		};
/* End PBXResourcesBuildPhase section */

/* Begin PBXSourcesBuildPhase section */
		F1BFEA8224492CB100F25C37 /* Sources */ = {
			isa = PBXSourcesBuildPhase;
			buildActionMask = 2147483647;
			files = (
				F1BFEA8E24492CB100F25C37 /* ViewController.swift in Sources */,
				F1BFEA8A24492CB100F25C37 /* AppDelegate.swift in Sources */,
				F1BFEA8C24492CB100F25C37 /* SceneDelegate.swift in Sources */,
			);
			runOnlyForDeploymentPostprocessing = 0;
		};
/* End PBXSourcesBuildPhase section */

/* Begin PBXVariantGroup section */
		F1BFEA8F24492CB100F25C37 /* Main.storyboard */ = {
			isa = PBXVariantGroup;
			children = (
				F1BFEA9024492CB100F25C37 /* Base */,
			);
			name = Main.storyboard;
			sourceTree = "<group>";
		};
		F1BFEA9424492CB200F25C37 /* LaunchScreen.storyboard */ = {
			isa = PBXVariantGroup;
			children = (
				F1BFEA9524492CB200F25C37 /* Base */,
			);
			name = LaunchScreen.storyboard;
			sourceTree = "<group>";
		};
/* End PBXVariantGroup section */

/* Begin XCBuildConfiguration section */
		F1BFEA9824492CB200F25C37 /* Debug */ = {
			isa = XCBuildConfiguration;
			buildSettings = {
				ALWAYS_SEARCH_USER_PATHS = NO;
				CLANG_ANALYZER_NONNULL = YES;
				CLANG_ANALYZER_NUMBER_OBJECT_CONVERSION = YES_AGGRESSIVE;
				CLANG_CXX_LANGUAGE_STANDARD = "gnu++14";
				CLANG_CXX_LIBRARY = "libc++";
				CLANG_ENABLE_MODULES = YES;
				CLANG_ENABLE_OBJC_ARC = YES;
				CLANG_ENABLE_OBJC_WEAK = YES;
				CLANG_WARN_BLOCK_CAPTURE_AUTORELEASING = YES;
				CLANG_WARN_BOOL_CONVERSION = YES;
				CLANG_WARN_COMMA = YES;
				CLANG_WARN_CONSTANT_CONVERSION = YES;
				CLANG_WARN_DEPRECATED_OBJC_IMPLEMENTATIONS = YES;
				CLANG_WARN_DIRECT_OBJC_ISA_USAGE = YES_ERROR;
				CLANG_WARN_DOCUMENTATION_COMMENTS = YES;
				CLANG_WARN_EMPTY_BODY = YES;
				CLANG_WARN_ENUM_CONVERSION = YES;
				CLANG_WARN_INFINITE_RECURSION = YES;
				CLANG_WARN_INT_CONVERSION = YES;
				CLANG_WARN_NON_LITERAL_NULL_CONVERSION = YES;
				CLANG_WARN_OBJC_IMPLICIT_RETAIN_SELF = YES;
				CLANG_WARN_OBJC_LITERAL_CONVERSION = YES;
				CLANG_WARN_OBJC_ROOT_CLASS = YES_ERROR;
				CLANG_WARN_RANGE_LOOP_ANALYSIS = YES;
				CLANG_WARN_STRICT_PROTOTYPES = YES;
				CLANG_WARN_SUSPICIOUS_MOVE = YES;
				CLANG_WARN_UNGUARDED_AVAILABILITY = YES_AGGRESSIVE;
				CLANG_WARN_UNREACHABLE_CODE = YES;
				CLANG_WARN__DUPLICATE_METHOD_MATCH = YES;
				COPY_PHASE_STRIP = NO;
				DEBUG_INFORMATION_FORMAT = dwarf;
				ENABLE_STRICT_OBJC_MSGSEND = YES;
				ENABLE_TESTABILITY = YES;
				GCC_C_LANGUAGE_STANDARD = gnu11;
				GCC_DYNAMIC_NO_PIC = NO;
				GCC_NO_COMMON_BLOCKS = YES;
				GCC_OPTIMIZATION_LEVEL = 0;
				GCC_PREPROCESSOR_DEFINITIONS = (
					"DEBUG=1",
					"$(inherited)",
				);
				GCC_WARN_64_TO_32_BIT_CONVERSION = YES;
				GCC_WARN_ABOUT_RETURN_TYPE = YES_ERROR;
				GCC_WARN_UNDECLARED_SELECTOR = YES;
				GCC_WARN_UNINITIALIZED_AUTOS = YES_AGGRESSIVE;
				GCC_WARN_UNUSED_FUNCTION = YES;
				GCC_WARN_UNUSED_VARIABLE = YES;
				IPHONEOS_DEPLOYMENT_TARGET = 13.4;
				MTL_ENABLE_DEBUG_INFO = INCLUDE_SOURCE;
				MTL_FAST_MATH = YES;
				ONLY_ACTIVE_ARCH = YES;
				SDKROOT = iphoneos;
				SWIFT_ACTIVE_COMPILATION_CONDITIONS = DEBUG;
				SWIFT_OPTIMIZATION_LEVEL = "-Onone";
			};
			name = Debug;
		};
		F1BFEA9924492CB200F25C37 /* Release */ = {
			isa = XCBuildConfiguration;
			buildSettings = {
				ALWAYS_SEARCH_USER_PATHS = NO;
				CLANG_ANALYZER_NONNULL = YES;
				CLANG_ANALYZER_NUMBER_OBJECT_CONVERSION = YES_AGGRESSIVE;
				CLANG_CXX_LANGUAGE_STANDARD = "gnu++14";
				CLANG_CXX_LIBRARY = "libc++";
				CLANG_ENABLE_MODULES = YES;
				CLANG_ENABLE_OBJC_ARC = YES;
				CLANG_ENABLE_OBJC_WEAK = YES;
				CLANG_WARN_BLOCK_CAPTURE_AUTORELEASING = YES;
				CLANG_WARN_BOOL_CONVERSION = YES;
				CLANG_WARN_COMMA = YES;
				CLANG_WARN_CONSTANT_CONVERSION = YES;
				CLANG_WARN_DEPRECATED_OBJC_IMPLEMENTATIONS = YES;
				CLANG_WARN_DIRECT_OBJC_ISA_USAGE = YES_ERROR;
				CLANG_WARN_DOCUMENTATION_COMMENTS = YES;
				CLANG_WARN_EMPTY_BODY = YES;
				CLANG_WARN_ENUM_CONVERSION = YES;
				CLANG_WARN_INFINITE_RECURSION = YES;
				CLANG_WARN_INT_CONVERSION = YES;
				CLANG_WARN_NON_LITERAL_NULL_CONVERSION = YES;
				CLANG_WARN_OBJC_IMPLICIT_RETAIN_SELF = YES;
				CLANG_WARN_OBJC_LITERAL_CONVERSION = YES;
				CLANG_WARN_OBJC_ROOT_CLASS = YES_ERROR;
				CLANG_WARN_RANGE_LOOP_ANALYSIS = YES;
				CLANG_WARN_STRICT_PROTOTYPES = YES;
				CLANG_WARN_SUSPICIOUS_MOVE = YES;
				CLANG_WARN_UNGUARDED_AVAILABILITY = YES_AGGRESSIVE;
				CLANG_WARN_UNREACHABLE_CODE = YES;
				CLANG_WARN__DUPLICATE_METHOD_MATCH = YES;
				COPY_PHASE_STRIP = NO;
				DEBUG_INFORMATION_FORMAT = "dwarf-with-dsym";
				ENABLE_NS_ASSERTIONS = NO;
				ENABLE_STRICT_OBJC_MSGSEND = YES;
				GCC_C_LANGUAGE_STANDARD = gnu11;
				GCC_NO_COMMON_BLOCKS = YES;
				GCC_WARN_64_TO_32_BIT_CONVERSION = YES;
				GCC_WARN_ABOUT_RETURN_TYPE = YES_ERROR;
				GCC_WARN_UNDECLARED_SELECTOR = YES;
				GCC_WARN_UNINITIALIZED_AUTOS = YES_AGGRESSIVE;
				GCC_WARN_UNUSED_FUNCTION = YES;
				GCC_WARN_UNUSED_VARIABLE = YES;
				IPHONEOS_DEPLOYMENT_TARGET = 13.4;
				MTL_ENABLE_DEBUG_INFO = NO;
				MTL_FAST_MATH = YES;
				SDKROOT = iphoneos;
				SWIFT_COMPILATION_MODE = wholemodule;
				SWIFT_OPTIMIZATION_LEVEL = "-O";
				VALIDATE_PRODUCT = YES;
			};
			name = Release;
		};
		F1BFEA9B24492CB200F25C37 /* Debug */ = {
			isa = XCBuildConfiguration;
			buildSettings = {
				ASSETCATALOG_COMPILER_APPICON_NAME = AppIcon;
				CODE_SIGN_STYLE = Automatic;
				DEVELOPMENT_TEAM = 98W73H9CVJ;
				INFOPLIST_FILE = "RichTextView-Editor/Info.plist";
				LD_RUNPATH_SEARCH_PATHS = (
					"$(inherited)",
					"@executable_path/Frameworks",
				);
				PRODUCT_BUNDLE_IDENTIFIER = "com.tx.RichTextView-Editor";
				PRODUCT_NAME = "$(TARGET_NAME)";
				SWIFT_VERSION = 5.0;
				TARGETED_DEVICE_FAMILY = "1,2";
			};
			name = Debug;
		};
		F1BFEA9C24492CB200F25C37 /* Release */ = {
			isa = XCBuildConfiguration;
			buildSettings = {
				ASSETCATALOG_COMPILER_APPICON_NAME = AppIcon;
				CODE_SIGN_STYLE = Automatic;
				DEVELOPMENT_TEAM = 98W73H9CVJ;
				INFOPLIST_FILE = "RichTextView-Editor/Info.plist";
				LD_RUNPATH_SEARCH_PATHS = (
					"$(inherited)",
					"@executable_path/Frameworks",
				);
				PRODUCT_BUNDLE_IDENTIFIER = "com.tx.RichTextView-Editor";
				PRODUCT_NAME = "$(TARGET_NAME)";
				SWIFT_VERSION = 5.0;
				TARGETED_DEVICE_FAMILY = "1,2";
			};
			name = Release;
		};
/* End XCBuildConfiguration section */

/* Begin XCConfigurationList section */
		F1BFEA8124492CB100F25C37 /* Build configuration list for PBXProject "RichTextView-Editor" */ = {
			isa = XCConfigurationList;
			buildConfigurations = (
				F1BFEA9824492CB200F25C37 /* Debug */,
				F1BFEA9924492CB200F25C37 /* Release */,
			);
			defaultConfigurationIsVisible = 0;
			defaultConfigurationName = Release;
		};
		F1BFEA9A24492CB200F25C37 /* Build configuration list for PBXNativeTarget "RichTextView-Editor" */ = {
			isa = XCConfigurationList;
			buildConfigurations = (
				F1BFEA9B24492CB200F25C37 /* Debug */,
				F1BFEA9C24492CB200F25C37 /* Release */,
			);
			defaultConfigurationIsVisible = 0;
			defaultConfigurationName = Release;
		};
/* End XCConfigurationList section */
	};
	rootObject = F1BFEA7E24492CB100F25C37 /* Project object */;
}
